
Microsoft Visual Studio Solution File, Format Version 12.00
# Visual Studio Version 17
VisualStudioVersion = 17.2.32616.157
MinimumVisualStudioVersion = 10.0.40219.1
Project("{8BC9CEB8-8B4A-11D0-8D11-00A0C91BC942}") = "Game", "Game\Game.vcxproj", "{F4AA1D88-CA66-4D43-A7E0-01C7FD295EDD}"
EndProject
Project("{8BC9CEB8-8B4A-11D0-8D11-00A0C91BC942}") = "Engine", "Engine\Engine.vcxproj", "{03A700FA-9E41-4682-9E83-3BC1FB2CA642}"
EndProject
Global
	GlobalSection(SolutionConfigurationPlatforms) = preSolution
		Debug|x64 = Debug|x64
		Release|x64 = Release|x64
	EndGlobalSection
	GlobalSection(ProjectConfigurationPlatforms) = postSolution
		{F4AA1D88-CA66-4D43-A7E0-01C7FD295EDD}.Debug|x64.ActiveCfg = Debug|x64
		{F4AA1D88-CA66-4D43-A7E0-01C7FD295EDD}.Debug|x64.Build.0 = Debug|x64
		{F4AA1D88-CA66-4D43-A7E0-01C7FD295EDD}.Release|x64.ActiveCfg = Release|x64
		{F4AA1D88-CA66-4D43-A7E0-01C7FD295EDD}.Release|x64.Build.0 = Release|x64
		{03A700FA-9E41-4682-9E83-3BC1FB2CA642}.Debug|x64.ActiveCfg = Debug|x64
		{03A700FA-9E41-4682-9E83-3BC1FB2CA642}.Debug|x64.Build.0 = Debug|x64
		{03A700FA-9E41-4682-9E83-3BC1FB2CA642}.Release|x64.ActiveCfg = Release|x64
		{03A700FA-9E41-4682-9E83-3BC1FB2CA642}.Release|x64.Build.0 = Release|x64
	EndGlobalSection
	GlobalSection(SolutionProperties) = preSolution
		HideSolutionNode = FALSE
	EndGlobalSection
	GlobalSection(ExtensibilityGlobals) = postSolution
		SolutionGuid = {0037C0AD-EC40-4F55-A51C-95EEDCD7F2AE}
	EndGlobalSection
EndGlobal
